
Microsoft Visual Studio Solution File, Format Version 12.00
# Visual Studio Version 17
VisualStudioVersion = 17.10.35027.167
MinimumVisualStudioVersion = 10.0.40219.1
Project("{FAE04EC0-301F-11D3-BF4B-00C04F79EFBC}") = "TroopUpgradeTest", "TroopUpgradeTest\TroopUpgradeTest.csproj", "{5205D6EA-0236-4FBE-B61C-DC13BA2A3845}"
EndProject
Global
	GlobalSection(SolutionConfigurationPlatforms) = preSolution
		Debug|x64 = Debug|x64
		Release|x64 = Release|x64
	EndGlobalSection
	GlobalSection(ProjectConfigurationPlatforms) = postSolution
		{5205D6EA-0236-4FBE-B61C-DC13BA2A3845}.Debug|x64.ActiveCfg = Debug|x64
		{5205D6EA-0236-4FBE-B61C-DC13BA2A3845}.Debug|x64.Build.0 = Debug|x64
		{5205D6EA-0236-4FBE-B61C-DC13BA2A3845}.Release|x64.ActiveCfg = Release|x64
		{5205D6EA-0236-4FBE-B61C-DC13BA2A3845}.Release|x64.Build.0 = Release|x64
	EndGlobalSection
	GlobalSection(SolutionProperties) = preSolution
		HideSolutionNode = FALSE
	EndGlobalSection
	GlobalSection(ExtensibilityGlobals) = postSolution
		SolutionGuid = {3B4C9A76-48CE-4D6A-B0E5-201CF691D494}
	EndGlobalSection
EndGlobal
